{
    "version": 3,
    "terraform_version": "0.10.6",
    "serial": 6,
    "lineage": "d69d14af-6b34-47dd-af7b-815d7fbf31ec",
    "modules": [
        {
            "path": [
                "root"
            ],
            "outputs": {},
            "resources": {
                "aws_elb.my_app_lb": {
                    "type": "aws_elb",
                    "depends_on": [
                        "aws_instance.my_app.*"
                    ],
                    "primary": {
                        "id": "zetra-terraform-elb",
                        "attributes": {
                            "access_logs.#": "0",
                            "availability_zones.#": "2",
                            "availability_zones.1305112097": "us-east-1b",
                            "availability_zones.3569565595": "us-east-1a",
                            "connection_draining": "true",
                            "connection_draining_timeout": "400",
                            "cross_zone_load_balancing": "true",
                            "dns_name": "zetra-terraform-elb-858011276.us-east-1.elb.amazonaws.com",
                            "health_check.#": "1",
                            "health_check.0.healthy_threshold": "2",
                            "health_check.0.interval": "30",
                            "health_check.0.target": "HTTP:8080/app/",
                            "health_check.0.timeout": "3",
                            "health_check.0.unhealthy_threshold": "2",
                            "id": "zetra-terraform-elb",
                            "idle_timeout": "400",
                            "instances.#": "2",
                            "instances.1482424390": "i-00ae02d12f4b205de",
                            "instances.3127814279": "i-0ad34fb7bf976827f",
                            "internal": "false",
                            "listener.#": "1",
                            "listener.3931999347.instance_port": "8080",
                            "listener.3931999347.instance_protocol": "http",
                            "listener.3931999347.lb_port": "80",
                            "listener.3931999347.lb_protocol": "http",
                            "listener.3931999347.ssl_certificate_id": "",
                            "name": "zetra-terraform-elb",
                            "security_groups.#": "1",
                            "security_groups.4099624280": "sg-06dfb075",
                            "source_security_group": "911044039171/default_elb_88594621-862f-355c-bea2-e54986449cbe",
                            "source_security_group_id": "sg-06dfb075",
                            "subnets.#": "2",
                            "subnets.1084105662": "subnet-c8a953e3",
                            "subnets.3173517728": "subnet-a89d23df",
                            "tags.%": "1",
                            "tags.Name": "zetra-example-elb",
                            "zone_id": "Z35SXDOTRQ7X7K"
                        },
                        "meta": {},
                        "tainted": false
                    },
                    "deposed": [],
                    "provider": ""
                },
                "aws_instance.my_app.0": {
                    "type": "aws_instance",
                    "depends_on": [],
                    "primary": {
                        "id": "i-0ad34fb7bf976827f",
                        "attributes": {
                            "ami": "ami-aed723d4",
                            "associate_public_ip_address": "true",
                            "availability_zone": "us-east-1b",
                            "disable_api_termination": "false",
                            "ebs_block_device.#": "0",
                            "ebs_optimized": "false",
                            "ephemeral_block_device.#": "0",
                            "iam_instance_profile": "",
                            "id": "i-0ad34fb7bf976827f",
                            "instance_state": "running",
                            "instance_type": "t2.micro",
                            "ipv6_addresses.#": "0",
                            "key_name": "",
                            "monitoring": "false",
                            "network_interface.#": "0",
                            "network_interface_id": "eni-c068b67e",
                            "primary_network_interface_id": "eni-c068b67e",
                            "private_dns": "ip-172-31-46-187.ec2.internal",
                            "private_ip": "172.31.46.187",
                            "public_dns": "ec2-54-158-34-118.compute-1.amazonaws.com",
                            "public_ip": "54.158.34.118",
                            "root_block_device.#": "1",
                            "root_block_device.0.delete_on_termination": "true",
                            "root_block_device.0.iops": "100",
                            "root_block_device.0.volume_size": "10",
                            "root_block_device.0.volume_type": "gp2",
                            "security_groups.#": "0",
                            "source_dest_check": "true",
                            "subnet_id": "subnet-a89d23df",
                            "tags.%": "0",
                            "tenancy": "default",
                            "volume_tags.%": "0",
                            "vpc_security_group_ids.#": "1",
                            "vpc_security_group_ids.818835688": "sg-1252bb76"
                        },
                        "meta": {
                            "e2bfb730-ecaa-11e6-8f88-34363bc7c4c0": {
                                "create": 600000000000,
                                "delete": 600000000000,
                                "update": 600000000000
                            },
                            "schema_version": "1"
                        },
                        "tainted": false
                    },
                    "deposed": [],
                    "provider": ""
                },
                "aws_instance.my_app.1": {
                    "type": "aws_instance",
                    "depends_on": [],
                    "primary": {
                        "id": "i-00ae02d12f4b205de",
                        "attributes": {
                            "ami": "ami-aed723d4",
                            "associate_public_ip_address": "true",
                            "availability_zone": "us-east-1b",
                            "disable_api_termination": "false",
                            "ebs_block_device.#": "0",
                            "ebs_optimized": "false",
                            "ephemeral_block_device.#": "0",
                            "iam_instance_profile": "",
                            "id": "i-00ae02d12f4b205de",
                            "instance_state": "running",
                            "instance_type": "t2.micro",
                            "ipv6_addresses.#": "0",
                            "key_name": "",
                            "monitoring": "false",
                            "network_interface.#": "0",
                            "network_interface_id": "eni-8565bb3b",
                            "primary_network_interface_id": "eni-8565bb3b",
                            "private_dns": "ip-172-31-33-92.ec2.internal",
                            "private_ip": "172.31.33.92",
                            "public_dns": "ec2-34-229-143-211.compute-1.amazonaws.com",
                            "public_ip": "34.229.143.211",
                            "root_block_device.#": "1",
                            "root_block_device.0.delete_on_termination": "true",
                            "root_block_device.0.iops": "100",
                            "root_block_device.0.volume_size": "10",
                            "root_block_device.0.volume_type": "gp2",
                            "security_groups.#": "0",
                            "source_dest_check": "true",
                            "subnet_id": "subnet-a89d23df",
                            "tags.%": "0",
                            "tenancy": "default",
                            "volume_tags.%": "0",
                            "vpc_security_group_ids.#": "1",
                            "vpc_security_group_ids.818835688": "sg-1252bb76"
                        },
                        "meta": {
                            "e2bfb730-ecaa-11e6-8f88-34363bc7c4c0": {
                                "create": 600000000000,
                                "delete": 600000000000,
                                "update": 600000000000
                            },
                            "schema_version": "1"
                        },
                        "tainted": false
                    },
                    "deposed": [],
                    "provider": ""
                }
            },
            "depends_on": []
        }
    ]
}
